// !$*UTF8*$!
{
	archiveVersion = 1;
	classes = {
	};
	objectVersion = 46;
	objects = {

/* Begin PBXBuildFile section */
		22005A8E1CCF7B26005D2EC2 /* YTTabButton.m in Sources */ = {isa = PBXBuildFile; fileRef = 22005A8D1CCF7B26005D2EC2 /* YTTabButton.m */; };
		2220A4A51CB0EA5300E82650 /* UserInfo.m in Sources */ = {isa = PBXBuildFile; fileRef = 2220A4A41CB0EA5300E82650 /* UserInfo.m */; };
		2220A4AA1CB8E1E300E82650 /* MyHeadView.m in Sources */ = {isa = PBXBuildFile; fileRef = 2220A4A91CB8E1E300E82650 /* MyHeadView.m */; };
		2220A4AC1CB8E1F800E82650 /* MyHeadView.xib in Resources */ = {isa = PBXBuildFile; fileRef = 2220A4AB1CB8E1F800E82650 /* MyHeadView.xib */; };
		2220A4B11CB94F7A00E82650 /* LoginViewController.m in Sources */ = {isa = PBXBuildFile; fileRef = 2220A4AF1CB94F7A00E82650 /* LoginViewController.m */; };
		2220A4B21CB94F7A00E82650 /* LoginViewController.xib in Resources */ = {isa = PBXBuildFile; fileRef = 2220A4B01CB94F7A00E82650 /* LoginViewController.xib */; };
		2220A4B61CB9507E00E82650 /* RegisterViewController.m in Sources */ = {isa = PBXBuildFile; fileRef = 2220A4B41CB9507E00E82650 /* RegisterViewController.m */; };
		2220A4B71CB9507E00E82650 /* RegisterViewController.xib in Resources */ = {isa = PBXBuildFile; fileRef = 2220A4B51CB9507E00E82650 /* RegisterViewController.xib */; };
		22348EB91C8F1540003B32D4 /* YTLearnViewController.m in Sources */ = {isa = PBXBuildFile; fileRef = 22348EB81C8F1540003B32D4 /* YTLearnViewController.m */; };
		22348EBC1C8F1562003B32D4 /* YTMyViewController.m in Sources */ = {isa = PBXBuildFile; fileRef = 22348EBB1C8F1562003B32D4 /* YTMyViewController.m */; };
		2264B3581C97050000A0DED6 /* yuntu0314.db3 in Resources */ = {isa = PBXBuildFile; fileRef = 2264B3571C97026100A0DED6 /* yuntu0314.db3 */; };
		2264B35D1CA016A400A0DED6 /* JZAlbumViewController.m in Sources */ = {isa = PBXBuildFile; fileRef = 2264B35A1CA016A400A0DED6 /* JZAlbumViewController.m */; };
		2264B35E1CA016A400A0DED6 /* PhotoView.m in Sources */ = {isa = PBXBuildFile; fileRef = 2264B35C1CA016A400A0DED6 /* PhotoView.m */; };
		22674CD41BE60D820075484D /* main.m in Sources */ = {isa = PBXBuildFile; fileRef = 22674CD31BE60D820075484D /* main.m */; };
		22674CD71BE60D820075484D /* AppDelegate.m in Sources */ = {isa = PBXBuildFile; fileRef = 22674CD61BE60D820075484D /* AppDelegate.m */; };
		22674CDD1BE60D820075484D /* Main.storyboard in Resources */ = {isa = PBXBuildFile; fileRef = 22674CDB1BE60D820075484D /* Main.storyboard */; };
		22674CDF1BE60D820075484D /* Assets.xcassets in Resources */ = {isa = PBXBuildFile; fileRef = 22674CDE1BE60D820075484D /* Assets.xcassets */; };
		22674CE21BE60D820075484D /* LaunchScreen.storyboard in Resources */ = {isa = PBXBuildFile; fileRef = 22674CE01BE60D820075484D /* LaunchScreen.storyboard */; };
		22674CED1BE60D830075484D /* YunTuTests.m in Sources */ = {isa = PBXBuildFile; fileRef = 22674CEC1BE60D830075484D /* YunTuTests.m */; };
		22674CF81BE60D830075484D /* YunTuUITests.m in Sources */ = {isa = PBXBuildFile; fileRef = 22674CF71BE60D830075484D /* YunTuUITests.m */; };
		227C46531BEE3C8500804454 /* yuntu.db3 in Resources */ = {isa = PBXBuildFile; fileRef = 227C46521BEE3C8500804454 /* yuntu.db3 */; };
		2283FA521CDB21A30075A78C /* yunxueMusic.m4a in Resources */ = {isa = PBXBuildFile; fileRef = 2283FA511CDB20030075A78C /* yunxueMusic.m4a */; };
		2283FA551CDB297E0075A78C /* WebViewController.m in Sources */ = {isa = PBXBuildFile; fileRef = 2283FA541CDB297E0075A78C /* WebViewController.m */; };
		2283FA591CDB2F0D0075A78C /* xingtaixue.html in Resources */ = {isa = PBXBuildFile; fileRef = 2283FA581CDB2F0D0075A78C /* xingtaixue.html */; };
		2283FA5D1CDB31F20075A78C /* YTGlobalKindViewController.m in Sources */ = {isa = PBXBuildFile; fileRef = 2283FA5B1CDB31F20075A78C /* YTGlobalKindViewController.m */; };
		2283FA5E1CDB31F20075A78C /* YTGlobalKindViewController.xib in Resources */ = {isa = PBXBuildFile; fileRef = 2283FA5C1CDB31F20075A78C /* YTGlobalKindViewController.xib */; };
		2283FA621CDB32750075A78C /* YTGlobalDetailViewController.m in Sources */ = {isa = PBXBuildFile; fileRef = 2283FA601CDB32750075A78C /* YTGlobalDetailViewController.m */; };
		2283FA631CDB32750075A78C /* YTGlobalDetailViewController.xib in Resources */ = {isa = PBXBuildFile; fileRef = 2283FA611CDB32750075A78C /* YTGlobalDetailViewController.xib */; };
		2284E3D21C54B01F0090E562 /* BaseViewController.m in Sources */ = {isa = PBXBuildFile; fileRef = 2284E3D11C54B01F0090E562 /* BaseViewController.m */; };
		2284E3D91C54C3EA0090E562 /* ViewController.m in Sources */ = {isa = PBXBuildFile; fileRef = 2284E3D81C54C3EA0090E562 /* ViewController.m */; };
		2284E3DE1C54C3FF0090E562 /* QuestionCell.m in Sources */ = {isa = PBXBuildFile; fileRef = 2284E3DB1C54C3FF0090E562 /* QuestionCell.m */; };
		2284E3DF1C54C3FF0090E562 /* YTQuestionViewController.m in Sources */ = {isa = PBXBuildFile; fileRef = 2284E3DD1C54C3FF0090E562 /* YTQuestionViewController.m */; };
		2284E3E21C54C4180090E562 /* AppUtil.m in Sources */ = {isa = PBXBuildFile; fileRef = 2284E3E11C54C4180090E562 /* AppUtil.m */; };
		2284E3E51C54C5450090E562 /* UIViewController+NavUtils.m in Sources */ = {isa = PBXBuildFile; fileRef = 2284E3E41C54C5450090E562 /* UIViewController+NavUtils.m */; };
		2284E3E81C54CB100090E562 /* YTNavigationController.m in Sources */ = {isa = PBXBuildFile; fileRef = 2284E3E71C54CB100090E562 /* YTNavigationController.m */; };
		228D29531C1D3E7900B8A3BF /* MainTabController.m in Sources */ = {isa = PBXBuildFile; fileRef = 228D29521C1D3E7900B8A3BF /* MainTabController.m */; };
		22D924D91C905AE70034A0F5 /* answeredCollectionCell.m in Sources */ = {isa = PBXBuildFile; fileRef = 22D924D71C905AE70034A0F5 /* answeredCollectionCell.m */; };
		22D924DA1C905AE70034A0F5 /* answeredCollectionCell.xib in Resources */ = {isa = PBXBuildFile; fileRef = 22D924D81C905AE70034A0F5 /* answeredCollectionCell.xib */; };
		22F3D3241C0AEE8000437C98 /* UIImage+Resize.m in Sources */ = {isa = PBXBuildFile; fileRef = 22F3D3231C0AEE8000437C98 /* UIImage+Resize.m */; };
		22F3D32B1C143E1300437C98 /* UIImage+ColorAtPixel.m in Sources */ = {isa = PBXBuildFile; fileRef = 22F3D32A1C143E1300437C98 /* UIImage+ColorAtPixel.m */; };
		22F3D32E1C143E2C00437C98 /* OBShapedButton.m in Sources */ = {isa = PBXBuildFile; fileRef = 22F3D32D1C143E2C00437C98 /* OBShapedButton.m */; };
		22F3D3341C143F0700437C98 /* YTDataBaseManager.m in Sources */ = {isa = PBXBuildFile; fileRef = 22F3D3331C143F0700437C98 /* YTDataBaseManager.m */; };
		22F3D3371C143F1900437C98 /* YTQuestionItem.m in Sources */ = {isa = PBXBuildFile; fileRef = 22F3D3361C143F1900437C98 /* YTQuestionItem.m */; };
		22F3D33A1C143F2D00437C98 /* YTButton.m in Sources */ = {isa = PBXBuildFile; fileRef = 22F3D3391C143F2D00437C98 /* YTButton.m */; };
		5F378FF5F67FDA0C72072E2E /* libPods.a in Frameworks */ = {isa = PBXBuildFile; fileRef = 7A089BC624F276EF7DC44CD4 /* libPods.a */; };
/* End PBXBuildFile section */

/* Begin PBXContainerItemProxy section */
		22674CE91BE60D830075484D /* PBXContainerItemProxy */ = {
			isa = PBXContainerItemProxy;
			containerPortal = 22674CC71BE60D820075484D /* Project object */;
			proxyType = 1;
			remoteGlobalIDString = 22674CCE1BE60D820075484D;
			remoteInfo = YunTu;
		};
		22674CF41BE60D830075484D /* PBXContainerItemProxy */ = {
			isa = PBXContainerItemProxy;
			containerPortal = 22674CC71BE60D820075484D /* Project object */;
			proxyType = 1;
			remoteGlobalIDString = 22674CCE1BE60D820075484D;
			remoteInfo = YunTu;
		};
/* End PBXContainerItemProxy section */

/* Begin PBXFileReference section */
		22005A8C1CCF7B26005D2EC2 /* YTTabButton.h */ = {isa = PBXFileReference; fileEncoding = 4; lastKnownFileType = sourcecode.c.h; name = YTTabButton.h; path = CustomButton/YTTabButton.h; sourceTree = "<group>"; };
		22005A8D1CCF7B26005D2EC2 /* YTTabButton.m */ = {isa = PBXFileReference; fileEncoding = 4; lastKnownFileType = sourcecode.c.objc; name = YTTabButton.m; path = CustomButton/YTTabButton.m; sourceTree = "<group>"; };
		2220A4A31CB0EA5300E82650 /* UserInfo.h */ = {isa = PBXFileReference; fileEncoding = 4; lastKnownFileType = sourcecode.c.h; name = UserInfo.h; path = Public/UserInfo.h; sourceTree = "<group>"; };
		2220A4A41CB0EA5300E82650 /* UserInfo.m */ = {isa = PBXFileReference; fileEncoding = 4; lastKnownFileType = sourcecode.c.objc; name = UserInfo.m; path = Public/UserInfo.m; sourceTree = "<group>"; };
		2220A4A81CB8E1E300E82650 /* MyHeadView.h */ = {isa = PBXFileReference; fileEncoding = 4; lastKnownFileType = sourcecode.c.h; name = MyHeadView.h; path = ViewController/My/MyHeadView.h; sourceTree = "<group>"; };
		2220A4A91CB8E1E300E82650 /* MyHeadView.m */ = {isa = PBXFileReference; fileEncoding = 4; lastKnownFileType = sourcecode.c.objc; name = MyHeadView.m; path = ViewController/My/MyHeadView.m; sourceTree = "<group>"; };
		2220A4AB1CB8E1F800E82650 /* MyHeadView.xib */ = {isa = PBXFileReference; fileEncoding = 4; lastKnownFileType = file.xib; name = MyHeadView.xib; path = ViewController/My/MyHeadView.xib; sourceTree = "<group>"; };
		2220A4AE1CB94F7A00E82650 /* LoginViewController.h */ = {isa = PBXFileReference; fileEncoding = 4; lastKnownFileType = sourcecode.c.h; path = LoginViewController.h; sourceTree = "<group>"; };
		2220A4AF1CB94F7A00E82650 /* LoginViewController.m */ = {isa = PBXFileReference; fileEncoding = 4; lastKnownFileType = sourcecode.c.objc; path = LoginViewController.m; sourceTree = "<group>"; };
		2220A4B01CB94F7A00E82650 /* LoginViewController.xib */ = {isa = PBXFileReference; fileEncoding = 4; lastKnownFileType = file.xib; path = LoginViewController.xib; sourceTree = "<group>"; };
		2220A4B31CB9507E00E82650 /* RegisterViewController.h */ = {isa = PBXFileReference; fileEncoding = 4; lastKnownFileType = sourcecode.c.h; path = RegisterViewController.h; sourceTree = "<group>"; };
		2220A4B41CB9507E00E82650 /* RegisterViewController.m */ = {isa = PBXFileReference; fileEncoding = 4; lastKnownFileType = sourcecode.c.objc; path = RegisterViewController.m; sourceTree = "<group>"; };
		2220A4B51CB9507E00E82650 /* RegisterViewController.xib */ = {isa = PBXFileReference; fileEncoding = 4; lastKnownFileType = file.xib; path = RegisterViewController.xib; sourceTree = "<group>"; };
		22348EB71C8F1540003B32D4 /* YTLearnViewController.h */ = {isa = PBXFileReference; fileEncoding = 4; lastKnownFileType = sourcecode.c.h; name = YTLearnViewController.h; path = ViewController/YTLearn/YTLearnViewController.h; sourceTree = "<group>"; };
		22348EB81C8F1540003B32D4 /* YTLearnViewController.m */ = {isa = PBXFileReference; fileEncoding = 4; lastKnownFileType = sourcecode.c.objc; name = YTLearnViewController.m; path = ViewController/YTLearn/YTLearnViewController.m; sourceTree = "<group>"; };
		22348EBA1C8F1562003B32D4 /* YTMyViewController.h */ = {isa = PBXFileReference; fileEncoding = 4; lastKnownFileType = sourcecode.c.h; name = YTMyViewController.h; path = ViewController/My/YTMyViewController.h; sourceTree = "<group>"; };
		22348EBB1C8F1562003B32D4 /* YTMyViewController.m */ = {isa = PBXFileReference; fileEncoding = 4; lastKnownFileType = sourcecode.c.objc; name = YTMyViewController.m; path = ViewController/My/YTMyViewController.m; sourceTree = "<group>"; };
		2264B3571C97026100A0DED6 /* yuntu0314.db3 */ = {isa = PBXFileReference; lastKnownFileType = file; path = yuntu0314.db3; sourceTree = "<group>"; };
		2264B3591CA016A400A0DED6 /* JZAlbumViewController.h */ = {isa = PBXFileReference; fileEncoding = 4; lastKnownFileType = sourcecode.c.h; path = JZAlbumViewController.h; sourceTree = "<group>"; };
		2264B35A1CA016A400A0DED6 /* JZAlbumViewController.m */ = {isa = PBXFileReference; fileEncoding = 4; lastKnownFileType = sourcecode.c.objc; path = JZAlbumViewController.m; sourceTree = "<group>"; };
		2264B35B1CA016A400A0DED6 /* PhotoView.h */ = {isa = PBXFileReference; fileEncoding = 4; lastKnownFileType = sourcecode.c.h; path = PhotoView.h; sourceTree = "<group>"; };
		2264B35C1CA016A400A0DED6 /* PhotoView.m */ = {isa = PBXFileReference; fileEncoding = 4; lastKnownFileType = sourcecode.c.objc; path = PhotoView.m; sourceTree = "<group>"; };
		22674CCF1BE60D820075484D /* YunTu.app */ = {isa = PBXFileReference; explicitFileType = wrapper.application; includeInIndex = 0; path = YunTu.app; sourceTree = BUILT_PRODUCTS_DIR; };
		22674CD31BE60D820075484D /* main.m */ = {isa = PBXFileReference; lastKnownFileType = sourcecode.c.objc; path = main.m; sourceTree = "<group>"; };
		22674CD51BE60D820075484D /* AppDelegate.h */ = {isa = PBXFileReference; lastKnownFileType = sourcecode.c.h; path = AppDelegate.h; sourceTree = "<group>"; };
		22674CD61BE60D820075484D /* AppDelegate.m */ = {isa = PBXFileReference; lastKnownFileType = sourcecode.c.objc; path = AppDelegate.m; sourceTree = "<group>"; };
		22674CDC1BE60D820075484D /* Base */ = {isa = PBXFileReference; lastKnownFileType = file.storyboard; name = Base; path = Base.lproj/Main.storyboard; sourceTree = "<group>"; };
		22674CDE1BE60D820075484D /* Assets.xcassets */ = {isa = PBXFileReference; lastKnownFileType = folder.assetcatalog; path = Assets.xcassets; sourceTree = "<group>"; };
		22674CE11BE60D820075484D /* Base */ = {isa = PBXFileReference; lastKnownFileType = file.storyboard; name = Base; path = Base.lproj/LaunchScreen.storyboard; sourceTree = "<group>"; };
		22674CE31BE60D820075484D /* Info.plist */ = {isa = PBXFileReference; lastKnownFileType = text.plist.xml; path = Info.plist; sourceTree = "<group>"; };
		22674CE81BE60D830075484D /* YunTuTests.xctest */ = {isa = PBXFileReference; explicitFileType = wrapper.cfbundle; includeInIndex = 0; path = YunTuTests.xctest; sourceTree = BUILT_PRODUCTS_DIR; };
		22674CEC1BE60D830075484D /* YunTuTests.m */ = {isa = PBXFileReference; lastKnownFileType = sourcecode.c.objc; path = YunTuTests.m; sourceTree = "<group>"; };
		22674CEE1BE60D830075484D /* Info.plist */ = {isa = PBXFileReference; lastKnownFileType = text.plist.xml; path = Info.plist; sourceTree = "<group>"; };
		22674CF31BE60D830075484D /* YunTuUITests.xctest */ = {isa = PBXFileReference; explicitFileType = wrapper.cfbundle; includeInIndex = 0; path = YunTuUITests.xctest; sourceTree = BUILT_PRODUCTS_DIR; };
		22674CF71BE60D830075484D /* YunTuUITests.m */ = {isa = PBXFileReference; lastKnownFileType = sourcecode.c.objc; path = YunTuUITests.m; sourceTree = "<group>"; };
		22674CF91BE60D830075484D /* Info.plist */ = {isa = PBXFileReference; lastKnownFileType = text.plist.xml; path = Info.plist; sourceTree = "<group>"; };
		227C46521BEE3C8500804454 /* yuntu.db3 */ = {isa = PBXFileReference; lastKnownFileType = file; path = yuntu.db3; sourceTree = "<group>"; };
		2283FA511CDB20030075A78C /* yunxueMusic.m4a */ = {isa = PBXFileReference; lastKnownFileType = file; path = yunxueMusic.m4a; sourceTree = "<group>"; };
		2283FA531CDB297E0075A78C /* WebViewController.h */ = {isa = PBXFileReference; fileEncoding = 4; lastKnownFileType = sourcecode.c.h; path = WebViewController.h; sourceTree = "<group>"; };
		2283FA541CDB297E0075A78C /* WebViewController.m */ = {isa = PBXFileReference; fileEncoding = 4; lastKnownFileType = sourcecode.c.objc; path = WebViewController.m; sourceTree = "<group>"; };
		2283FA581CDB2F0D0075A78C /* xingtaixue.html */ = {isa = PBXFileReference; fileEncoding = 4; lastKnownFileType = text.html; path = xingtaixue.html; sourceTree = "<group>"; };
		2283FA5A1CDB31F20075A78C /* YTGlobalKindViewController.h */ = {isa = PBXFileReference; fileEncoding = 4; lastKnownFileType = sourcecode.c.h; name = YTGlobalKindViewController.h; path = ViewController/YTLearn/YTGlobalKindViewController.h; sourceTree = "<group>"; };
		2283FA5B1CDB31F20075A78C /* YTGlobalKindViewController.m */ = {isa = PBXFileReference; fileEncoding = 4; lastKnownFileType = sourcecode.c.objc; name = YTGlobalKindViewController.m; path = ViewController/YTLearn/YTGlobalKindViewController.m; sourceTree = "<group>"; };
		2283FA5C1CDB31F20075A78C /* YTGlobalKindViewController.xib */ = {isa = PBXFileReference; fileEncoding = 4; lastKnownFileType = file.xib; name = YTGlobalKindViewController.xib; path = ViewController/YTLearn/YTGlobalKindViewController.xib; sourceTree = "<group>"; };
		2283FA5F1CDB32750075A78C /* YTGlobalDetailViewController.h */ = {isa = PBXFileReference; fileEncoding = 4; lastKnownFileType = sourcecode.c.h; name = YTGlobalDetailViewController.h; path = ViewController/YTLearn/YTGlobalDetailViewController.h; sourceTree = "<group>"; };
		2283FA601CDB32750075A78C /* YTGlobalDetailViewController.m */ = {isa = PBXFileReference; fileEncoding = 4; lastKnownFileType = sourcecode.c.objc; name = YTGlobalDetailViewController.m; path = ViewController/YTLearn/YTGlobalDetailViewController.m; sourceTree = "<group>"; };
		2283FA611CDB32750075A78C /* YTGlobalDetailViewController.xib */ = {isa = PBXFileReference; fileEncoding = 4; lastKnownFileType = file.xib; name = YTGlobalDetailViewController.xib; path = ViewController/YTLearn/YTGlobalDetailViewController.xib; sourceTree = "<group>"; };
		2284E3CE1C549E350090E562 /* YTGlobal.h */ = {isa = PBXFileReference; lastKnownFileType = sourcecode.c.h; name = YTGlobal.h; path = Public/YTGlobal.h; sourceTree = "<group>"; };
		2284E3D01C54B01F0090E562 /* BaseViewController.h */ = {isa = PBXFileReference; fileEncoding = 4; lastKnownFileType = sourcecode.c.h; name = BaseViewController.h; path = ViewController/BaseViewController.h; sourceTree = "<group>"; };
		2284E3D11C54B01F0090E562 /* BaseViewController.m */ = {isa = PBXFileReference; fileEncoding = 4; lastKnownFileType = sourcecode.c.objc; name = BaseViewController.m; path = ViewController/BaseViewController.m; sourceTree = "<group>"; };
		2284E3D71C54C3EA0090E562 /* ViewController.h */ = {isa = PBXFileReference; fileEncoding = 4; lastKnownFileType = sourcecode.c.h; name = ViewController.h; path = ViewController/ViewController.h; sourceTree = "<group>"; };
		2284E3D81C54C3EA0090E562 /* ViewController.m */ = {isa = PBXFileReference; fileEncoding = 4; lastKnownFileType = sourcecode.c.objc; name = ViewController.m; path = ViewController/ViewController.m; sourceTree = "<group>"; };
		2284E3DA1C54C3FF0090E562 /* QuestionCell.h */ = {isa = PBXFileReference; fileEncoding = 4; lastKnownFileType = sourcecode.c.h; name = QuestionCell.h; path = ViewController/YTExam/QuestionCell.h; sourceTree = "<group>"; };
		2284E3DB1C54C3FF0090E562 /* QuestionCell.m */ = {isa = PBXFileReference; fileEncoding = 4; lastKnownFileType = sourcecode.c.objc; name = QuestionCell.m; path = ViewController/YTExam/QuestionCell.m; sourceTree = "<group>"; };
		2284E3DC1C54C3FF0090E562 /* YTQuestionViewController.h */ = {isa = PBXFileReference; fileEncoding = 4; lastKnownFileType = sourcecode.c.h; name = YTQuestionViewController.h; path = ViewController/YTExam/YTQuestionViewController.h; sourceTree = "<group>"; };
		2284E3DD1C54C3FF0090E562 /* YTQuestionViewController.m */ = {isa = PBXFileReference; fileEncoding = 4; lastKnownFileType = sourcecode.c.objc; name = YTQuestionViewController.m; path = ViewController/YTExam/YTQuestionViewController.m; sourceTree = "<group>"; };
		2284E3E01C54C4180090E562 /* AppUtil.h */ = {isa = PBXFileReference; fileEncoding = 4; lastKnownFileType = sourcecode.c.h; name = AppUtil.h; path = Public/AppUtil.h; sourceTree = "<group>"; };
		2284E3E11C54C4180090E562 /* AppUtil.m */ = {isa = PBXFileReference; fileEncoding = 4; lastKnownFileType = sourcecode.c.objc; name = AppUtil.m; path = Public/AppUtil.m; sourceTree = "<group>"; };
		2284E3E31C54C5450090E562 /* UIViewController+NavUtils.h */ = {isa = PBXFileReference; fileEncoding = 4; lastKnownFileType = sourcecode.c.h; name = "UIViewController+NavUtils.h"; path = "Category/UIViewController+NavUtils.h"; sourceTree = "<group>"; };
		2284E3E41C54C5450090E562 /* UIViewController+NavUtils.m */ = {isa = PBXFileReference; fileEncoding = 4; lastKnownFileType = sourcecode.c.objc; name = "UIViewController+NavUtils.m"; path = "Category/UIViewController+NavUtils.m"; sourceTree = "<group>"; };
		2284E3E61C54CB100090E562 /* YTNavigationController.h */ = {isa = PBXFileReference; fileEncoding = 4; lastKnownFileType = sourcecode.c.h; name = YTNavigationController.h; path = ViewController/YTNavigationController.h; sourceTree = "<group>"; };
		2284E3E71C54CB100090E562 /* YTNavigationController.m */ = {isa = PBXFileReference; fileEncoding = 4; lastKnownFileType = sourcecode.c.objc; name = YTNavigationController.m; path = ViewController/YTNavigationController.m; sourceTree = "<group>"; };
		228D29511C1D3E7900B8A3BF /* MainTabController.h */ = {isa = PBXFileReference; fileEncoding = 4; lastKnownFileType = sourcecode.c.h; path = MainTabController.h; sourceTree = "<group>"; };
		228D29521C1D3E7900B8A3BF /* MainTabController.m */ = {isa = PBXFileReference; fileEncoding = 4; lastKnownFileType = sourcecode.c.objc; path = MainTabController.m; sourceTree = "<group>"; };
		22D924D61C905AE70034A0F5 /* answeredCollectionCell.h */ = {isa = PBXFileReference; fileEncoding = 4; lastKnownFileType = sourcecode.c.h; name = answeredCollectionCell.h; path = ViewController/YTExam/answeredCollectionCell.h; sourceTree = "<group>"; };
		22D924D71C905AE70034A0F5 /* answeredCollectionCell.m */ = {isa = PBXFileReference; fileEncoding = 4; lastKnownFileType = sourcecode.c.objc; name = answeredCollectionCell.m; path = ViewController/YTExam/answeredCollectionCell.m; sourceTree = "<group>"; };
		22D924D81C905AE70034A0F5 /* answeredCollectionCell.xib */ = {isa = PBXFileReference; fileEncoding = 4; lastKnownFileType = file.xib; name = answeredCollectionCell.xib; path = ViewController/YTExam/answeredCollectionCell.xib; sourceTree = "<group>"; };
		22F3D3221C0AEE8000437C98 /* UIImage+Resize.h */ = {isa = PBXFileReference; fileEncoding = 4; lastKnownFileType = sourcecode.c.h; name = "UIImage+Resize.h"; path = "Category/UIImage+Resize.h"; sourceTree = "<group>"; };
		22F3D3231C0AEE8000437C98 /* UIImage+Resize.m */ = {isa = PBXFileReference; fileEncoding = 4; lastKnownFileType = sourcecode.c.objc; name = "UIImage+Resize.m"; path = "Category/UIImage+Resize.m"; sourceTree = "<group>"; };
		22F3D3291C143E1300437C98 /* UIImage+ColorAtPixel.h */ = {isa = PBXFileReference; fileEncoding = 4; lastKnownFileType = sourcecode.c.h; name = "UIImage+ColorAtPixel.h"; path = "Category/UIImage+ColorAtPixel.h"; sourceTree = "<group>"; };
		22F3D32A1C143E1300437C98 /* UIImage+ColorAtPixel.m */ = {isa = PBXFileReference; fileEncoding = 4; lastKnownFileType = sourcecode.c.objc; name = "UIImage+ColorAtPixel.m"; path = "Category/UIImage+ColorAtPixel.m"; sourceTree = "<group>"; };
		22F3D32C1C143E2C00437C98 /* OBShapedButton.h */ = {isa = PBXFileReference; fileEncoding = 4; lastKnownFileType = sourcecode.c.h; name = OBShapedButton.h; path = CustomButton/OBShapedButton.h; sourceTree = "<group>"; };
		22F3D32D1C143E2C00437C98 /* OBShapedButton.m */ = {isa = PBXFileReference; fileEncoding = 4; lastKnownFileType = sourcecode.c.objc; name = OBShapedButton.m; path = CustomButton/OBShapedButton.m; sourceTree = "<group>"; };
		22F3D3321C143F0700437C98 /* YTDataBaseManager.h */ = {isa = PBXFileReference; fileEncoding = 4; lastKnownFileType = sourcecode.c.h; name = YTDataBaseManager.h; path = DBManager/YTDataBaseManager.h; sourceTree = "<group>"; };
		22F3D3331C143F0700437C98 /* YTDataBaseManager.m */ = {isa = PBXFileReference; fileEncoding = 4; lastKnownFileType = sourcecode.c.objc; name = YTDataBaseManager.m; path = DBManager/YTDataBaseManager.m; sourceTree = "<group>"; };
		22F3D3351C143F1900437C98 /* YTQuestionItem.h */ = {isa = PBXFileReference; fileEncoding = 4; lastKnownFileType = sourcecode.c.h; name = YTQuestionItem.h; path = Model/YTQuestionItem.h; sourceTree = "<group>"; };
		22F3D3361C143F1900437C98 /* YTQuestionItem.m */ = {isa = PBXFileReference; fileEncoding = 4; lastKnownFileType = sourcecode.c.objc; name = YTQuestionItem.m; path = Model/YTQuestionItem.m; sourceTree = "<group>"; };
		22F3D3381C143F2D00437C98 /* YTButton.h */ = {isa = PBXFileReference; fileEncoding = 4; lastKnownFileType = sourcecode.c.h; name = YTButton.h; path = CustomButton/YTButton.h; sourceTree = "<group>"; };
		22F3D3391C143F2D00437C98 /* YTButton.m */ = {isa = PBXFileReference; fileEncoding = 4; lastKnownFileType = sourcecode.c.objc; name = YTButton.m; path = CustomButton/YTButton.m; sourceTree = "<group>"; };
		7A089BC624F276EF7DC44CD4 /* libPods.a */ = {isa = PBXFileReference; explicitFileType = archive.ar; includeInIndex = 0; path = libPods.a; sourceTree = BUILT_PRODUCTS_DIR; };
		8CDA77442EDED3C7E7474188 /* Pods.release.xcconfig */ = {isa = PBXFileReference; includeInIndex = 1; lastKnownFileType = text.xcconfig; name = Pods.release.xcconfig; path = "Pods/Target Support Files/Pods/Pods.release.xcconfig"; sourceTree = "<group>"; };
		94708CDA93FD7CFD60726A9C /* Pods.debug.xcconfig */ = {isa = PBXFileReference; includeInIndex = 1; lastKnownFileType = text.xcconfig; name = Pods.debug.xcconfig; path = "Pods/Target Support Files/Pods/Pods.debug.xcconfig"; sourceTree = "<group>"; };
/* End PBXFileReference section */

/* Begin PBXFrameworksBuildPhase section */
		22674CCC1BE60D820075484D /* Frameworks */ = {
			isa = PBXFrameworksBuildPhase;
			buildActionMask = 2147483647;
			files = (
				5F378FF5F67FDA0C72072E2E /* libPods.a in Frameworks */,
			);
			runOnlyForDeploymentPostprocessing = 0;
		};
		22674CE51BE60D830075484D /* Frameworks */ = {
			isa = PBXFrameworksBuildPhase;
			buildActionMask = 2147483647;
			files = (
			);
			runOnlyForDeploymentPostprocessing = 0;
		};
		22674CF01BE60D830075484D /* Frameworks */ = {
			isa = PBXFrameworksBuildPhase;
			buildActionMask = 2147483647;
			files = (
			);
			runOnlyForDeploymentPostprocessing = 0;
		};
/* End PBXFrameworksBuildPhase section */

/* Begin PBXGroup section */
		2220A4AD1CB9091800E82650 /* Login */ = {
			isa = PBXGroup;
			children = (
				2220A4B31CB9507E00E82650 /* RegisterViewController.h */,
				2220A4B41CB9507E00E82650 /* RegisterViewController.m */,
				2220A4B51CB9507E00E82650 /* RegisterViewController.xib */,
				2220A4AE1CB94F7A00E82650 /* LoginViewController.h */,
				2220A4AF1CB94F7A00E82650 /* LoginViewController.m */,
				2220A4B01CB94F7A00E82650 /* LoginViewController.xib */,
			);
			name = Login;
			sourceTree = "<group>";
		};
		22348EB51C8F14A7003B32D4 /* YTLearn */ = {
			isa = PBXGroup;
			children = (
				22348EB71C8F1540003B32D4 /* YTLearnViewController.h */,
				22348EB81C8F1540003B32D4 /* YTLearnViewController.m */,
				2283FA5A1CDB31F20075A78C /* YTGlobalKindViewController.h */,
				2283FA5B1CDB31F20075A78C /* YTGlobalKindViewController.m */,
				2283FA5C1CDB31F20075A78C /* YTGlobalKindViewController.xib */,
				2283FA5F1CDB32750075A78C /* YTGlobalDetailViewController.h */,
				2283FA601CDB32750075A78C /* YTGlobalDetailViewController.m */,
				2283FA611CDB32750075A78C /* YTGlobalDetailViewController.xib */,
			);
			name = YTLearn;
			sourceTree = "<group>";
		};
		22348EB61C8F14CD003B32D4 /* My */ = {
			isa = PBXGroup;
			children = (
				22348EBA1C8F1562003B32D4 /* YTMyViewController.h */,
				22348EBB1C8F1562003B32D4 /* YTMyViewController.m */,
				2220A4A81CB8E1E300E82650 /* MyHeadView.h */,
				2220A4A91CB8E1E300E82650 /* MyHeadView.m */,
				2220A4AB1CB8E1F800E82650 /* MyHeadView.xib */,
			);
			name = My;
			sourceTree = "<group>";
		};
		22674CC61BE60D820075484D = {
			isa = PBXGroup;
			children = (
				22674CD11BE60D820075484D /* YunTu */,
				22674CEB1BE60D830075484D /* YunTuTests */,
				22674CF61BE60D830075484D /* YunTuUITests */,
				22674CD01BE60D820075484D /* Products */,
				B879CEEB9E08024C35C85489 /* Pods */,
				B306EBEF7CE6A12BE1E85079 /* Frameworks */,
			);
			sourceTree = "<group>";
		};
		22674CD01BE60D820075484D /* Products */ = {
			isa = PBXGroup;
			children = (
				22674CCF1BE60D820075484D /* YunTu.app */,
				22674CE81BE60D830075484D /* YunTuTests.xctest */,
				22674CF31BE60D830075484D /* YunTuUITests.xctest */,
			);
			name = Products;
			sourceTree = "<group>";
		};
		22674CD11BE60D820075484D /* YunTu */ = {
			isa = PBXGroup;
			children = (
				22674CDE1BE60D820075484D /* Assets.xcassets */,
				2264B3591CA016A400A0DED6 /* JZAlbumViewController.h */,
				2264B35A1CA016A400A0DED6 /* JZAlbumViewController.m */,
				2264B35B1CA016A400A0DED6 /* PhotoView.h */,
				2264B35C1CA016A400A0DED6 /* PhotoView.m */,
				2283FA581CDB2F0D0075A78C /* xingtaixue.html */,
				2283FA511CDB20030075A78C /* yunxueMusic.m4a */,
				2264B3571C97026100A0DED6 /* yuntu0314.db3 */,
				2284E3CF1C54AFE80090E562 /* ViewController */,
				2284E3CD1C549DBB0090E562 /* Public */,
				22F3D3281C143D1000437C98 /* CustomButton */,
				22F3D3271C143CA800437C98 /* DBManager */,
				22F3D3261C143C7C00437C98 /* Model */,
				22F3D31E1C074FDB00437C98 /* Category */,
				227C46521BEE3C8500804454 /* yuntu.db3 */,
				22674CD51BE60D820075484D /* AppDelegate.h */,
				22674CD61BE60D820075484D /* AppDelegate.m */,
				22674CDB1BE60D820075484D /* Main.storyboard */,
				22674CE01BE60D820075484D /* LaunchScreen.storyboard */,
				22674CE31BE60D820075484D /* Info.plist */,
				22674CD21BE60D820075484D /* Supporting Files */,
			);
			path = YunTu;
			sourceTree = "<group>";
		};
		22674CD21BE60D820075484D /* Supporting Files */ = {
			isa = PBXGroup;
			children = (
				22674CD31BE60D820075484D /* main.m */,
			);
			name = "Supporting Files";
			sourceTree = "<group>";
		};
		22674CEB1BE60D830075484D /* YunTuTests */ = {
			isa = PBXGroup;
			children = (
				22674CEC1BE60D830075484D /* YunTuTests.m */,
				22674CEE1BE60D830075484D /* Info.plist */,
			);
			path = YunTuTests;
			sourceTree = "<group>";
		};
		22674CF61BE60D830075484D /* YunTuUITests */ = {
			isa = PBXGroup;
			children = (
				22674CF71BE60D830075484D /* YunTuUITests.m */,
				22674CF91BE60D830075484D /* Info.plist */,
			);
			path = YunTuUITests;
			sourceTree = "<group>";
		};
		2284E3CD1C549DBB0090E562 /* Public */ = {
			isa = PBXGroup;
			children = (
				2284E3E01C54C4180090E562 /* AppUtil.h */,
				2284E3E11C54C4180090E562 /* AppUtil.m */,
				2284E3CE1C549E350090E562 /* YTGlobal.h */,
				2220A4A31CB0EA5300E82650 /* UserInfo.h */,
				2220A4A41CB0EA5300E82650 /* UserInfo.m */,
			);
			name = Public;
			sourceTree = "<group>";
		};
		2284E3CF1C54AFE80090E562 /* ViewController */ = {
			isa = PBXGroup;
			children = (
				2220A4AD1CB9091800E82650 /* Login */,
				2284E3D31C54B0E40090E562 /* Base */,
				22F3D3251C143BEF00437C98 /* YTExam */,
				22348EB51C8F14A7003B32D4 /* YTLearn */,
				22348EB61C8F14CD003B32D4 /* My */,
			);
			name = ViewController;
			sourceTree = "<group>";
		};
		2284E3D31C54B0E40090E562 /* Base */ = {
			isa = PBXGroup;
			children = (
				2284E3D71C54C3EA0090E562 /* ViewController.h */,
				2284E3D81C54C3EA0090E562 /* ViewController.m */,
				228D29511C1D3E7900B8A3BF /* MainTabController.h */,
				228D29521C1D3E7900B8A3BF /* MainTabController.m */,
				2283FA531CDB297E0075A78C /* WebViewController.h */,
				2283FA541CDB297E0075A78C /* WebViewController.m */,
				2284E3D01C54B01F0090E562 /* BaseViewController.h */,
				2284E3D11C54B01F0090E562 /* BaseViewController.m */,
				2284E3E61C54CB100090E562 /* YTNavigationController.h */,
				2284E3E71C54CB100090E562 /* YTNavigationController.m */,
			);
			name = Base;
			sourceTree = "<group>";
		};
		22F3D31E1C074FDB00437C98 /* Category */ = {
			isa = PBXGroup;
			children = (
				22F3D3291C143E1300437C98 /* UIImage+ColorAtPixel.h */,
				22F3D32A1C143E1300437C98 /* UIImage+ColorAtPixel.m */,
				22F3D3221C0AEE8000437C98 /* UIImage+Resize.h */,
				22F3D3231C0AEE8000437C98 /* UIImage+Resize.m */,
				2284E3E31C54C5450090E562 /* UIViewController+NavUtils.h */,
				2284E3E41C54C5450090E562 /* UIViewController+NavUtils.m */,
			);
			name = Category;
			sourceTree = "<group>";
		};
		22F3D3251C143BEF00437C98 /* YTExam */ = {
			isa = PBXGroup;
			children = (
				2284E3DA1C54C3FF0090E562 /* QuestionCell.h */,
				2284E3DB1C54C3FF0090E562 /* QuestionCell.m */,
				22D924D61C905AE70034A0F5 /* answeredCollectionCell.h */,
				22D924D71C905AE70034A0F5 /* answeredCollectionCell.m */,
				22D924D81C905AE70034A0F5 /* answeredCollectionCell.xib */,
				2284E3DC1C54C3FF0090E562 /* YTQuestionViewController.h */,
				2284E3DD1C54C3FF0090E562 /* YTQuestionViewController.m */,
			);
			name = YTExam;
			sourceTree = "<group>";
		};
		22F3D3261C143C7C00437C98 /* Model */ = {
			isa = PBXGroup;
			children = (
				22F3D3351C143F1900437C98 /* YTQuestionItem.h */,
				22F3D3361C143F1900437C98 /* YTQuestionItem.m */,
			);
			name = Model;
			sourceTree = "<group>";
		};
		22F3D3271C143CA800437C98 /* DBManager */ = {
			isa = PBXGroup;
			children = (
				22F3D3321C143F0700437C98 /* YTDataBaseManager.h */,
				22F3D3331C143F0700437C98 /* YTDataBaseManager.m */,
			);
			name = DBManager;
			sourceTree = "<group>";
		};
		22F3D3281C143D1000437C98 /* CustomButton */ = {
			isa = PBXGroup;
			children = (
				22F3D3381C143F2D00437C98 /* YTButton.h */,
				22F3D3391C143F2D00437C98 /* YTButton.m */,
				22F3D32C1C143E2C00437C98 /* OBShapedButton.h */,
				22F3D32D1C143E2C00437C98 /* OBShapedButton.m */,
				22005A8C1CCF7B26005D2EC2 /* YTTabButton.h */,
				22005A8D1CCF7B26005D2EC2 /* YTTabButton.m */,
			);
			name = CustomButton;
			sourceTree = "<group>";
		};
		B306EBEF7CE6A12BE1E85079 /* Frameworks */ = {
			isa = PBXGroup;
			children = (
				7A089BC624F276EF7DC44CD4 /* libPods.a */,
			);
			name = Frameworks;
			sourceTree = "<group>";
		};
		B879CEEB9E08024C35C85489 /* Pods */ = {
			isa = PBXGroup;
			children = (
				94708CDA93FD7CFD60726A9C /* Pods.debug.xcconfig */,
				8CDA77442EDED3C7E7474188 /* Pods.release.xcconfig */,
			);
			name = Pods;
			sourceTree = "<group>";
		};
/* End PBXGroup section */

/* Begin PBXNativeTarget section */
		22674CCE1BE60D820075484D /* YunTu */ = {
			isa = PBXNativeTarget;
			buildConfigurationList = 22674CFC1BE60D830075484D /* Build configuration list for PBXNativeTarget "YunTu" */;
			buildPhases = (
				09CCF3BCB83F56459A13E020 /* Check Pods Manifest.lock */,
				22674CCB1BE60D820075484D /* Sources */,
				22674CCC1BE60D820075484D /* Frameworks */,
				22674CCD1BE60D820075484D /* Resources */,
				3321AE8D3B5D5A59E9434A65 /* Embed Pods Frameworks */,
				E4FA077B7746EFDEF8427DCC /* Copy Pods Resources */,
			);
			buildRules = (
			);
			dependencies = (
			);
			name = YunTu;
			productName = YunTu;
			productReference = 22674CCF1BE60D820075484D /* YunTu.app */;
			productType = "com.apple.product-type.application";
		};
		22674CE71BE60D830075484D /* YunTuTests */ = {
			isa = PBXNativeTarget;
			buildConfigurationList = 22674CFF1BE60D830075484D /* Build configuration list for PBXNativeTarget "YunTuTests" */;
			buildPhases = (
				22674CE41BE60D830075484D /* Sources */,
				22674CE51BE60D830075484D /* Frameworks */,
				22674CE61BE60D830075484D /* Resources */,
			);
			buildRules = (
			);
			dependencies = (
				22674CEA1BE60D830075484D /* PBXTargetDependency */,
			);
			name = YunTuTests;
			productName = YunTuTests;
			productReference = 22674CE81BE60D830075484D /* YunTuTests.xctest */;
			productType = "com.apple.product-type.bundle.unit-test";
		};
		22674CF21BE60D830075484D /* YunTuUITests */ = {
			isa = PBXNativeTarget;
			buildConfigurationList = 22674D021BE60D830075484D /* Build configuration list for PBXNativeTarget "YunTuUITests" */;
			buildPhases = (
				22674CEF1BE60D830075484D /* Sources */,
				22674CF01BE60D830075484D /* Frameworks */,
				22674CF11BE60D830075484D /* Resources */,
			);
			buildRules = (
			);
			dependencies = (
				22674CF51BE60D830075484D /* PBXTargetDependency */,
			);
			name = YunTuUITests;
			productName = YunTuUITests;
			productReference = 22674CF31BE60D830075484D /* YunTuUITests.xctest */;
			productType = "com.apple.product-type.bundle.ui-testing";
		};
/* End PBXNativeTarget section */

/* Begin PBXProject section */
		22674CC71BE60D820075484D /* Project object */ = {
			isa = PBXProject;
			attributes = {
				LastUpgradeCheck = 0700;
				ORGANIZATIONNAME = "丁健";
				TargetAttributes = {
					22674CCE1BE60D820075484D = {
						CreatedOnToolsVersion = 7.0;
						DevelopmentTeam = EH7RXLDN3D;
					};
					22674CE71BE60D830075484D = {
						CreatedOnToolsVersion = 7.0;
						TestTargetID = 22674CCE1BE60D820075484D;
					};
					22674CF21BE60D830075484D = {
						CreatedOnToolsVersion = 7.0;
						TestTargetID = 22674CCE1BE60D820075484D;
					};
				};
			};
			buildConfigurationList = 22674CCA1BE60D820075484D /* Build configuration list for PBXProject "YunTu" */;
			compatibilityVersion = "Xcode 3.2";
			developmentRegion = English;
			hasScannedForEncodings = 0;
			knownRegions = (
				en,
				Base,
			);
			mainGroup = 22674CC61BE60D820075484D;
			productRefGroup = 22674CD01BE60D820075484D /* Products */;
			projectDirPath = "";
			projectRoot = "";
			targets = (
				22674CCE1BE60D820075484D /* YunTu */,
				22674CE71BE60D830075484D /* YunTuTests */,
				22674CF21BE60D830075484D /* YunTuUITests */,
			);
		};
/* End PBXProject section */

/* Begin PBXResourcesBuildPhase section */
		22674CCD1BE60D820075484D /* Resources */ = {
			isa = PBXResourcesBuildPhase;
			buildActionMask = 2147483647;
			files = (
				2283FA521CDB21A30075A78C /* yunxueMusic.m4a in Resources */,
				2283FA591CDB2F0D0075A78C /* xingtaixue.html in Resources */,
				2220A4B21CB94F7A00E82650 /* LoginViewController.xib in Resources */,
				2220A4AC1CB8E1F800E82650 /* MyHeadView.xib in Resources */,
				2264B3581C97050000A0DED6 /* yuntu0314.db3 in Resources */,
				22674CE21BE60D820075484D /* LaunchScreen.storyboard in Resources */,
				22674CDF1BE60D820075484D /* Assets.xcassets in Resources */,
				2220A4B71CB9507E00E82650 /* RegisterViewController.xib in Resources */,
				22674CDD1BE60D820075484D /* Main.storyboard in Resources */,
				22D924DA1C905AE70034A0F5 /* answeredCollectionCell.xib in Resources */,
				2283FA631CDB32750075A78C /* YTGlobalDetailViewController.xib in Resources */,
				2283FA5E1CDB31F20075A78C /* YTGlobalKindViewController.xib in Resources */,
				227C46531BEE3C8500804454 /* yuntu.db3 in Resources */,
			);
			runOnlyForDeploymentPostprocessing = 0;
		};
		22674CE61BE60D830075484D /* Resources */ = {
			isa = PBXResourcesBuildPhase;
			buildActionMask = 2147483647;
			files = (
			);
			runOnlyForDeploymentPostprocessing = 0;
		};
		22674CF11BE60D830075484D /* Resources */ = {
			isa = PBXResourcesBuildPhase;
			buildActionMask = 2147483647;
			files = (
			);
			runOnlyForDeploymentPostprocessing = 0;
		};
/* End PBXResourcesBuildPhase section */

/* Begin PBXShellScriptBuildPhase section */
		09CCF3BCB83F56459A13E020 /* Check Pods Manifest.lock */ = {
			isa = PBXShellScriptBuildPhase;
			buildActionMask = 2147483647;
			files = (
			);
			inputPaths = (
			);
			name = "Check Pods Manifest.lock";
			outputPaths = (
			);
			runOnlyForDeploymentPostprocessing = 0;
			shellPath = /bin/sh;
			shellScript = "diff \"${PODS_ROOT}/../Podfile.lock\" \"${PODS_ROOT}/Manifest.lock\" > /dev/null\nif [[ $? != 0 ]] ; then\n    cat << EOM\nerror: The sandbox is not in sync with the Podfile.lock. Run 'pod install' or update your CocoaPods installation.\nEOM\n    exit 1\nfi\n";
			showEnvVarsInLog = 0;
		};
		3321AE8D3B5D5A59E9434A65 /* Embed Pods Frameworks */ = {
			isa = PBXShellScriptBuildPhase;
			buildActionMask = 2147483647;
			files = (
			);
			inputPaths = (
			);
			name = "Embed Pods Frameworks";
			outputPaths = (
			);
			runOnlyForDeploymentPostprocessing = 0;
			shellPath = /bin/sh;
			shellScript = "\"${SRCROOT}/Pods/Target Support Files/Pods/Pods-frameworks.sh\"\n";
			showEnvVarsInLog = 0;
		};
		E4FA077B7746EFDEF8427DCC /* Copy Pods Resources */ = {
			isa = PBXShellScriptBuildPhase;
			buildActionMask = 2147483647;
			files = (
			);
			inputPaths = (
			);
			name = "Copy Pods Resources";
			outputPaths = (
			);
			runOnlyForDeploymentPostprocessing = 0;
			shellPath = /bin/sh;
			shellScript = "\"${SRCROOT}/Pods/Target Support Files/Pods/Pods-resources.sh\"\n";
			showEnvVarsInLog = 0;
		};
/* End PBXShellScriptBuildPhase section */

/* Begin PBXSourcesBuildPhase section */
		22674CCB1BE60D820075484D /* Sources */ = {
			isa = PBXSourcesBuildPhase;
			buildActionMask = 2147483647;
			files = (
				2284E3D91C54C3EA0090E562 /* ViewController.m in Sources */,
				22348EBC1C8F1562003B32D4 /* YTMyViewController.m in Sources */,
				22F3D32E1C143E2C00437C98 /* OBShapedButton.m in Sources */,
				2284E3DF1C54C3FF0090E562 /* YTQuestionViewController.m in Sources */,
				228D29531C1D3E7900B8A3BF /* MainTabController.m in Sources */,
				2284E3E81C54CB100090E562 /* YTNavigationController.m in Sources */,
				2284E3DE1C54C3FF0090E562 /* QuestionCell.m in Sources */,
				22348EB91C8F1540003B32D4 /* YTLearnViewController.m in Sources */,
				2220A4B11CB94F7A00E82650 /* LoginViewController.m in Sources */,
				2220A4AA1CB8E1E300E82650 /* MyHeadView.m in Sources */,
				2220A4A51CB0EA5300E82650 /* UserInfo.m in Sources */,
				22F3D32B1C143E1300437C98 /* UIImage+ColorAtPixel.m in Sources */,
				2264B35E1CA016A400A0DED6 /* PhotoView.m in Sources */,
				2284E3D21C54B01F0090E562 /* BaseViewController.m in Sources */,
				22D924D91C905AE70034A0F5 /* answeredCollectionCell.m in Sources */,
				2220A4B61CB9507E00E82650 /* RegisterViewController.m in Sources */,
				22674CD71BE60D820075484D /* AppDelegate.m in Sources */,
				2284E3E51C54C5450090E562 /* UIViewController+NavUtils.m in Sources */,
				2283FA5D1CDB31F20075A78C /* YTGlobalKindViewController.m in Sources */,
				22005A8E1CCF7B26005D2EC2 /* YTTabButton.m in Sources */,
				22F3D33A1C143F2D00437C98 /* YTButton.m in Sources */,
				2284E3E21C54C4180090E562 /* AppUtil.m in Sources */,
				22F3D3371C143F1900437C98 /* YTQuestionItem.m in Sources */,
				2283FA551CDB297E0075A78C /* WebViewController.m in Sources */,
				22674CD41BE60D820075484D /* main.m in Sources */,
				22F3D3241C0AEE8000437C98 /* UIImage+Resize.m in Sources */,
				2283FA621CDB32750075A78C /* YTGlobalDetailViewController.m in Sources */,
				2264B35D1CA016A400A0DED6 /* JZAlbumViewController.m in Sources */,
				22F3D3341C143F0700437C98 /* YTDataBaseManager.m in Sources */,
			);
			runOnlyForDeploymentPostprocessing = 0;
		};
		22674CE41BE60D830075484D /* Sources */ = {
			isa = PBXSourcesBuildPhase;
			buildActionMask = 2147483647;
			files = (
				22674CED1BE60D830075484D /* YunTuTests.m in Sources */,
			);
			runOnlyForDeploymentPostprocessing = 0;
		};
		22674CEF1BE60D830075484D /* Sources */ = {
			isa = PBXSourcesBuildPhase;
			buildActionMask = 2147483647;
			files = (
				22674CF81BE60D830075484D /* YunTuUITests.m in Sources */,
			);
			runOnlyForDeploymentPostprocessing = 0;
		};
/* End PBXSourcesBuildPhase section */

/* Begin PBXTargetDependency section */
		22674CEA1BE60D830075484D /* PBXTargetDependency */ = {
			isa = PBXTargetDependency;
			target = 22674CCE1BE60D820075484D /* YunTu */;
			targetProxy = 22674CE91BE60D830075484D /* PBXContainerItemProxy */;
		};
		22674CF51BE60D830075484D /* PBXTargetDependency */ = {
			isa = PBXTargetDependency;
			target = 22674CCE1BE60D820075484D /* YunTu */;
			targetProxy = 22674CF41BE60D830075484D /* PBXContainerItemProxy */;
		};
/* End PBXTargetDependency section */

/* Begin PBXVariantGroup section */
		22674CDB1BE60D820075484D /* Main.storyboard */ = {
			isa = PBXVariantGroup;
			children = (
				22674CDC1BE60D820075484D /* Base */,
			);
			name = Main.storyboard;
			sourceTree = "<group>";
		};
		22674CE01BE60D820075484D /* LaunchScreen.storyboard */ = {
			isa = PBXVariantGroup;
			children = (
				22674CE11BE60D820075484D /* Base */,
			);
			name = LaunchScreen.storyboard;
			sourceTree = "<group>";
		};
/* End PBXVariantGroup section */

/* Begin XCBuildConfiguration section */
		22674CFA1BE60D830075484D /* Debug */ = {
			isa = XCBuildConfiguration;
			buildSettings = {
				ALWAYS_SEARCH_USER_PATHS = NO;
				CLANG_CXX_LANGUAGE_STANDARD = "gnu++0x";
				CLANG_CXX_LIBRARY = "libc++";
				CLANG_ENABLE_MODULES = YES;
				CLANG_ENABLE_OBJC_ARC = YES;
				CLANG_WARN_BOOL_CONVERSION = YES;
				CLANG_WARN_CONSTANT_CONVERSION = YES;
				CLANG_WARN_DIRECT_OBJC_ISA_USAGE = YES_ERROR;
				CLANG_WARN_EMPTY_BODY = YES;
				CLANG_WARN_ENUM_CONVERSION = YES;
				CLANG_WARN_INT_CONVERSION = YES;
				CLANG_WARN_OBJC_ROOT_CLASS = YES_ERROR;
				CLANG_WARN_UNREACHABLE_CODE = YES;
				CLANG_WARN__DUPLICATE_METHOD_MATCH = YES;
				CODE_SIGN_IDENTITY = "iPhone Developer";
				"CODE_SIGN_IDENTITY[sdk=iphoneos*]" = "iPhone Developer";
				COPY_PHASE_STRIP = NO;
				DEBUG_INFORMATION_FORMAT = dwarf;
				ENABLE_STRICT_OBJC_MSGSEND = YES;
				ENABLE_TESTABILITY = YES;
				GCC_C_LANGUAGE_STANDARD = gnu99;
				GCC_DYNAMIC_NO_PIC = NO;
				GCC_NO_COMMON_BLOCKS = YES;
				GCC_OPTIMIZATION_LEVEL = 0;
				GCC_PREPROCESSOR_DEFINITIONS = (
					"DEBUG=1",
					"$(inherited)",
				);
				GCC_WARN_64_TO_32_BIT_CONVERSION = YES;
				GCC_WARN_ABOUT_RETURN_TYPE = YES_ERROR;
				GCC_WARN_UNDECLARED_SELECTOR = YES;
				GCC_WARN_UNINITIALIZED_AUTOS = YES_AGGRESSIVE;
				GCC_WARN_UNUSED_FUNCTION = YES;
				GCC_WARN_UNUSED_VARIABLE = YES;
				IPHONEOS_DEPLOYMENT_TARGET = 8.0;
				MTL_ENABLE_DEBUG_INFO = YES;
				ONLY_ACTIVE_ARCH = YES;
				SDKROOT = iphoneos;
			};
			name = Debug;
		};
		22674CFB1BE60D830075484D /* Release */ = {
			isa = XCBuildConfiguration;
			buildSettings = {
				ALWAYS_SEARCH_USER_PATHS = NO;
				CLANG_CXX_LANGUAGE_STANDARD = "gnu++0x";
				CLANG_CXX_LIBRARY = "libc++";
				CLANG_ENABLE_MODULES = YES;
				CLANG_ENABLE_OBJC_ARC = YES;
				CLANG_WARN_BOOL_CONVERSION = YES;
				CLANG_WARN_CONSTANT_CONVERSION = YES;
				CLANG_WARN_DIRECT_OBJC_ISA_USAGE = YES_ERROR;
				CLANG_WARN_EMPTY_BODY = YES;
				CLANG_WARN_ENUM_CONVERSION = YES;
				CLANG_WARN_INT_CONVERSION = YES;
				CLANG_WARN_OBJC_ROOT_CLASS = YES_ERROR;
				CLANG_WARN_UNREACHABLE_CODE = YES;
				CLANG_WARN__DUPLICATE_METHOD_MATCH = YES;
				CODE_SIGN_IDENTITY = "iPhone Developer";
				"CODE_SIGN_IDENTITY[sdk=iphoneos*]" = "iPhone Developer";
				COPY_PHASE_STRIP = NO;
				DEBUG_INFORMATION_FORMAT = "dwarf-with-dsym";
				ENABLE_NS_ASSERTIONS = NO;
				ENABLE_STRICT_OBJC_MSGSEND = YES;
				GCC_C_LANGUAGE_STANDARD = gnu99;
				GCC_NO_COMMON_BLOCKS = YES;
				GCC_WARN_64_TO_32_BIT_CONVERSION = YES;
				GCC_WARN_ABOUT_RETURN_TYPE = YES_ERROR;
				GCC_WARN_UNDECLARED_SELECTOR = YES;
				GCC_WARN_UNINITIALIZED_AUTOS = YES_AGGRESSIVE;
				GCC_WARN_UNUSED_FUNCTION = YES;
				GCC_WARN_UNUSED_VARIABLE = YES;
				IPHONEOS_DEPLOYMENT_TARGET = 8.0;
				MTL_ENABLE_DEBUG_INFO = NO;
				SDKROOT = iphoneos;
				VALIDATE_PRODUCT = YES;
			};
			name = Release;
		};
		22674CFD1BE60D830075484D /* Debug */ = {
			isa = XCBuildConfiguration;
			baseConfigurationReference = 94708CDA93FD7CFD60726A9C /* Pods.debug.xcconfig */;
			buildSettings = {
				ASSETCATALOG_COMPILER_APPICON_NAME = AppIcon;
				CODE_SIGN_IDENTITY = "iPhone Developer";
				"CODE_SIGN_IDENTITY[sdk=iphoneos*]" = "iPhone Developer";
				INFOPLIST_FILE = YunTu/Info.plist;
				LD_RUNPATH_SEARCH_PATHS = "$(inherited) @executable_path/Frameworks";
				PRODUCT_BUNDLE_IDENTIFIER = Dj.YunTu;
				PRODUCT_NAME = "$(TARGET_NAME)";
				PROVISIONING_PROFILE = "";
				USER_HEADER_SEARCH_PATHS = "${SRCROOT} ";
			};
			name = Debug;
		};
		22674CFE1BE60D830075484D /* Release */ = {
			isa = XCBuildConfiguration;
			baseConfigurationReference = 8CDA77442EDED3C7E7474188 /* Pods.release.xcconfig */;
			buildSettings = {
				ASSETCATALOG_COMPILER_APPICON_NAME = AppIcon;
				CODE_SIGN_IDENTITY = "iPhone Developer";
				"CODE_SIGN_IDENTITY[sdk=iphoneos*]" = "iPhone Developer";
				INFOPLIST_FILE = YunTu/Info.plist;
				LD_RUNPATH_SEARCH_PATHS = "$(inherited) @executable_path/Frameworks";
				PRODUCT_BUNDLE_IDENTIFIER = Dj.YunTu;
				PRODUCT_NAME = "$(TARGET_NAME)";
				PROVISIONING_PROFILE = "";
				USER_HEADER_SEARCH_PATHS = "${SRCROOT} ";
			};
			name = Release;
		};
		22674D001BE60D830075484D /* Debug */ = {
			isa = XCBuildConfiguration;
			buildSettings = {
				BUNDLE_LOADER = "$(TEST_HOST)";
				INFOPLIST_FILE = YunTuTests/Info.plist;
				LD_RUNPATH_SEARCH_PATHS = "$(inherited) @executable_path/Frameworks @loader_path/Frameworks";
				PRODUCT_BUNDLE_IDENTIFIER = Dj.YunTuTests;
				PRODUCT_NAME = "$(TARGET_NAME)";
				TEST_HOST = "$(BUILT_PRODUCTS_DIR)/YunTu.app/YunTu";
			};
			name = Debug;
		};
		22674D011BE60D830075484D /* Release */ = {
			isa = XCBuildConfiguration;
			buildSettings = {
				BUNDLE_LOADER = "$(TEST_HOST)";
				INFOPLIST_FILE = YunTuTests/Info.plist;
				LD_RUNPATH_SEARCH_PATHS = "$(inherited) @executable_path/Frameworks @loader_path/Frameworks";
				PRODUCT_BUNDLE_IDENTIFIER = Dj.YunTuTests;
				PRODUCT_NAME = "$(TARGET_NAME)";
				TEST_HOST = "$(BUILT_PRODUCTS_DIR)/YunTu.app/YunTu";
			};
			name = Release;
		};
		22674D031BE60D830075484D /* Debug */ = {
			isa = XCBuildConfiguration;
			buildSettings = {
				INFOPLIST_FILE = YunTuUITests/Info.plist;
				LD_RUNPATH_SEARCH_PATHS = "$(inherited) @executable_path/Frameworks @loader_path/Frameworks";
				PRODUCT_BUNDLE_IDENTIFIER = Dj.YunTuUITests;
				PRODUCT_NAME = "$(TARGET_NAME)";
				TEST_TARGET_NAME = YunTu;
				USES_XCTRUNNER = YES;
			};
			name = Debug;
		};
		22674D041BE60D830075484D /* Release */ = {
			isa = XCBuildConfiguration;
			buildSettings = {
				INFOPLIST_FILE = YunTuUITests/Info.plist;
				LD_RUNPATH_SEARCH_PATHS = "$(inherited) @executable_path/Frameworks @loader_path/Frameworks";
				PRODUCT_BUNDLE_IDENTIFIER = Dj.YunTuUITests;
				PRODUCT_NAME = "$(TARGET_NAME)";
				TEST_TARGET_NAME = YunTu;
				USES_XCTRUNNER = YES;
			};
			name = Release;
		};
/* End XCBuildConfiguration section */

/* Begin XCConfigurationList section */
		22674CCA1BE60D820075484D /* Build configuration list for PBXProject "YunTu" */ = {
			isa = XCConfigurationList;
			buildConfigurations = (
				22674CFA1BE60D830075484D /* Debug */,
				22674CFB1BE60D830075484D /* Release */,
			);
			defaultConfigurationIsVisible = 0;
			defaultConfigurationName = Debug;
		};
		22674CFC1BE60D830075484D /* Build configuration list for PBXNativeTarget "YunTu" */ = {
			isa = XCConfigurationList;
			buildConfigurations = (
				22674CFD1BE60D830075484D /* Debug */,
				22674CFE1BE60D830075484D /* Release */,
			);
			defaultConfigurationIsVisible = 0;
			defaultConfigurationName = Debug;
		};
		22674CFF1BE60D830075484D /* Build configuration list for PBXNativeTarget "YunTuTests" */ = {
			isa = XCConfigurationList;
			buildConfigurations = (
				22674D001BE60D830075484D /* Debug */,
				22674D011BE60D830075484D /* Release */,
			);
			defaultConfigurationIsVisible = 0;
			defaultConfigurationName = Debug;
		};
		22674D021BE60D830075484D /* Build configuration list for PBXNativeTarget "YunTuUITests" */ = {
			isa = XCConfigurationList;
			buildConfigurations = (
				22674D031BE60D830075484D /* Debug */,
				22674D041BE60D830075484D /* Release */,
			);
			defaultConfigurationIsVisible = 0;
			defaultConfigurationName = Debug;
		};
/* End XCConfigurationList section */
	};
	rootObject = 22674CC71BE60D820075484D /* Project object */;
}
